{
  "name": "Backend",
  "lockfileVersion": 3,
  "requires": true,
  "packages": {
    "": {
      "dependencies": {
        "sweetalert2": "^11.7.18"
      }
    },
    "node_modules/sweetalert2": {
      "version": "11.7.18",
      "resolved": "https://registry.npmjs.org/sweetalert2/-/sweetalert2-11.7.18.tgz",
      "integrity": "sha512-Njl5JTDasSP8yRX9cpLdy2fdxHZYPYNmiIGNZykF2Zt1UHIvurwt/W2LmlGe5RbyMDHYDXuHqlD1Q8Vr5/mqlA==",
      "funding": {
        "type": "individual",
        "url": "https://github.com/sponsors/limonte"
      }
    }
  }
}
